
Microsoft Visual Studio Solution File, Format Version 12.00
# Visual Studio Version 16
VisualStudioVersion = 16.0.31005.135
MinimumVisualStudioVersion = 10.0.40219.1
Project("{FAE04EC0-301F-11D3-BF4B-00C04F79EFBC}") = "DAL", "DAL\DAL.csproj", "{1DACDA99-7C8F-4354-B81A-B146C7236230}"
EndProject
Project("{FAE04EC0-301F-11D3-BF4B-00C04F79EFBC}") = "PresentationLayer", "PresentationLayer\PresentationLayer.csproj", "{200EE293-ABB2-483F-8855-4C6AE4F099A9}"
EndProject
Project("{FAE04EC0-301F-11D3-BF4B-00C04F79EFBC}") = "WcfService", "WcfService\WcfService.csproj", "{97E409A0-E2F3-4579-B9FE-6634D3764F85}"
EndProject
Project("{FAE04EC0-301F-11D3-BF4B-00C04F79EFBC}") = "Client", "Client\Client.csproj", "{C9698FEB-A751-4F3D-A538-9F24640585A8}"
	ProjectSection(ProjectDependencies) = postProject
		{97E409A0-E2F3-4579-B9FE-6634D3764F85} = {97E409A0-E2F3-4579-B9FE-6634D3764F85}
	EndProjectSection
EndProject
Global
	GlobalSection(SolutionConfigurationPlatforms) = preSolution
		Debug|Any CPU = Debug|Any CPU
		Release|Any CPU = Release|Any CPU
	EndGlobalSection
	GlobalSection(ProjectConfigurationPlatforms) = postSolution
		{1DACDA99-7C8F-4354-B81A-B146C7236230}.Debug|Any CPU.ActiveCfg = Debug|Any CPU
		{1DACDA99-7C8F-4354-B81A-B146C7236230}.Debug|Any CPU.Build.0 = Debug|Any CPU
		{1DACDA99-7C8F-4354-B81A-B146C7236230}.Release|Any CPU.ActiveCfg = Release|Any CPU
		{1DACDA99-7C8F-4354-B81A-B146C7236230}.Release|Any CPU.Build.0 = Release|Any CPU
		{200EE293-ABB2-483F-8855-4C6AE4F099A9}.Debug|Any CPU.ActiveCfg = Debug|Any CPU
		{200EE293-ABB2-483F-8855-4C6AE4F099A9}.Debug|Any CPU.Build.0 = Debug|Any CPU
		{200EE293-ABB2-483F-8855-4C6AE4F099A9}.Release|Any CPU.ActiveCfg = Release|Any CPU
		{200EE293-ABB2-483F-8855-4C6AE4F099A9}.Release|Any CPU.Build.0 = Release|Any CPU
		{97E409A0-E2F3-4579-B9FE-6634D3764F85}.Debug|Any CPU.ActiveCfg = Debug|Any CPU
		{97E409A0-E2F3-4579-B9FE-6634D3764F85}.Debug|Any CPU.Build.0 = Debug|Any CPU
		{97E409A0-E2F3-4579-B9FE-6634D3764F85}.Release|Any CPU.ActiveCfg = Release|Any CPU
		{97E409A0-E2F3-4579-B9FE-6634D3764F85}.Release|Any CPU.Build.0 = Release|Any CPU
		{C9698FEB-A751-4F3D-A538-9F24640585A8}.Debug|Any CPU.ActiveCfg = Debug|Any CPU
		{C9698FEB-A751-4F3D-A538-9F24640585A8}.Debug|Any CPU.Build.0 = Debug|Any CPU
		{C9698FEB-A751-4F3D-A538-9F24640585A8}.Release|Any CPU.ActiveCfg = Release|Any CPU
		{C9698FEB-A751-4F3D-A538-9F24640585A8}.Release|Any CPU.Build.0 = Release|Any CPU
	EndGlobalSection
	GlobalSection(SolutionProperties) = preSolution
		HideSolutionNode = FALSE
	EndGlobalSection
	GlobalSection(ExtensibilityGlobals) = postSolution
		SolutionGuid = {D815204A-B232-438B-88E6-2E62704EEAC6}
	EndGlobalSection
EndGlobal
